{
  "originHash" : "1048a900a2af614f5b02947fe1640925892eb34c20d225834cb98628670a3a1b",
  "pins" : [
    {
      "identity" : "event-source",
      "kind" : "remoteSourceControl",
      "location" : "https://github.com/grepug/event-source.git",
      "state" : {
        "branch" : "master",
        "revision" : "9573201033c457f0786e4419fea8752bde0a52c1"
      }
    }
  ],
  "version" : 3
}
